{
  "name": "styles",
  "version": "1.0.0",
  "lockfileVersion": 3,
  "requires": true,
  "packages": {
    "": {
      "dependencies": {
        "@fontsource/red-hat-display": "^5.0.18",
        "@fontsource/red-hat-mono": "^5.0.16",
        "@fontsource/red-hat-text": "^5.0.16",
        "@fontsource/roboto": "^5.0.8",
        "bootstrap-icons": "^1.11.2"
      }
    },
    "node_modules/@fontsource/red-hat-display": {
      "version": "5.0.18",
      "resolved": "https://registry.npmjs.org/@fontsource/red-hat-display/-/red-hat-display-5.0.18.tgz",
      "integrity": "sha512-FiuR+V5UufMgHvoXNr1cJFyvzd31svgCz/pDnlbTjvbdno/SSX5nC+TK4KJ8/fKLzPSAoQ5obx0sq5H/nZEF/w=="
    },
    "node_modules/@fontsource/red-hat-mono": {
      "version": "5.0.16",
      "resolved": "https://registry.npmjs.org/@fontsource/red-hat-mono/-/red-hat-mono-5.0.16.tgz",
      "integrity": "sha512-TYJQOiqgvmfvVqRdZ1L2saLAXUoV7YfJXUnAqb8pMWttFEzmqi0H6qNtN0RxhwYpmVDLWgLF0NtAvFaBW2lfWg=="
    },
    "node_modules/@fontsource/red-hat-text": {
      "version": "5.0.16",
      "resolved": "https://registry.npmjs.org/@fontsource/red-hat-text/-/red-hat-text-5.0.16.tgz",
      "integrity": "sha512-FDcRUlNtenKhlNOXz2oHZ7QaHDlW3D/RXasUaFNttjuWPcL/9tVsze5ApEiz9KTY64BtU6KaKyRRLDJ1ho3r7w=="
    },
    "node_modules/@fontsource/roboto": {
      "version": "5.0.8",
      "resolved": "https://registry.npmjs.org/@fontsource/roboto/-/roboto-5.0.8.tgz",
      "integrity": "sha512-XxPltXs5R31D6UZeLIV1td3wTXU3jzd3f2DLsXI8tytMGBkIsGcc9sIyiupRtA8y73HAhuSCeweOoBqf6DbWCA=="
    },
    "node_modules/bootstrap-icons": {
      "version": "1.11.2",
      "resolved": "https://registry.npmjs.org/bootstrap-icons/-/bootstrap-icons-1.11.2.tgz",
      "integrity": "sha512-TgdiPv+IM9tgDb+dsxrnGIyocsk85d2M7T0qIgkvPedZeoZfyeG/j+yiAE4uHCEayKef2RP05ahQ0/e9Sv75Wg==",
      "funding": [
        {
          "type": "github",
          "url": "https://github.com/sponsors/twbs"
        },
        {
          "type": "opencollective",
          "url": "https://opencollective.com/bootstrap"
        }
      ]
    }
  }
}
