{
  "name": "search",
  "requires": true,
  "lockfileVersion": 1,
  "dependencies": {
    "flexsearch": {
      "version": "0.7.31",
      "resolved": "https://registry.npmjs.org/flexsearch/-/flexsearch-0.7.31.tgz",
      "integrity": "sha512-XGozTsMPYkm+6b5QL3Z9wQcJjNYxp0CYn3U1gO7dwD6PAqU1SVWZxI9CCg3z+ml3YfqdPnrBehaBrnH2AGKbNA=="
    }
  }
}
