{
  "name": "assets",
  "lockfileVersion": 2,
  "requires": true,
  "packages": {
    "": {
      "dependencies": {
        "@fontsource/red-hat-display": "^5.0.3",
        "@fontsource/red-hat-mono": "^5.0.3",
        "@fontsource/red-hat-text": "^5.0.3",
        "@fontsource/roboto": "^5.0.3",
        "bootstrap-icons": "^1.10.5"
      }
    },
    "node_modules/@fontsource/red-hat-display": {
      "version": "5.0.3",
      "resolved": "https://registry.npmjs.org/@fontsource/red-hat-display/-/red-hat-display-5.0.3.tgz",
      "integrity": "sha512-EloGCC5f8IAPuh1UINq98SZBazkSG/Nk/i564bNvr/41A/4UYd4njiz9CBU1HW2rAhET/kJN8InfKTHT5IFSTw=="
    },
    "node_modules/@fontsource/red-hat-mono": {
      "version": "5.0.3",
      "resolved": "https://registry.npmjs.org/@fontsource/red-hat-mono/-/red-hat-mono-5.0.3.tgz",
      "integrity": "sha512-D6jyx7bydHdwyw9ZWwa7AGBltzmwLwUQSdSKNLmuW8kOIdgtdVQexNlY3KAoq+b3eYf5v20vK4TXS96UfQHdQg=="
    },
    "node_modules/@fontsource/red-hat-text": {
      "version": "5.0.3",
      "resolved": "https://registry.npmjs.org/@fontsource/red-hat-text/-/red-hat-text-5.0.3.tgz",
      "integrity": "sha512-HYbE73/s4wt0sSr28N9uo8l0gygnxNuH1HaHEVHWRrosHXW+HMbdh7DdyikLhzAL4qgpl8hIN1Go17MXMcQgdw=="
    },
    "node_modules/@fontsource/roboto": {
      "version": "5.0.3",
      "resolved": "https://registry.npmjs.org/@fontsource/roboto/-/roboto-5.0.3.tgz",
      "integrity": "sha512-jbZDFwEFARDlo8TqG7th/xjhuq87GYfFpFb+uxuy+0Ng1bhRVgBRWlLj8+WIKhCTOr+h4QXbjpybLWFLUirOwQ=="
    },
    "node_modules/bootstrap-icons": {
      "version": "1.10.5",
      "resolved": "https://registry.npmjs.org/bootstrap-icons/-/bootstrap-icons-1.10.5.tgz",
      "integrity": "sha512-oSX26F37V7QV7NCE53PPEL45d7EGXmBgHG3pDpZvcRaKVzWMqIRL9wcqJUyEha1esFtM3NJzvmxFXDxjJYD0jQ==",
      "funding": [
        {
          "type": "github",
          "url": "https://github.com/sponsors/twbs"
        },
        {
          "type": "opencollective",
          "url": "https://opencollective.com/bootstrap"
        }
      ]
    }
  },
  "dependencies": {
    "@fontsource/red-hat-display": {
      "version": "5.0.3",
      "resolved": "https://registry.npmjs.org/@fontsource/red-hat-display/-/red-hat-display-5.0.3.tgz",
      "integrity": "sha512-EloGCC5f8IAPuh1UINq98SZBazkSG/Nk/i564bNvr/41A/4UYd4njiz9CBU1HW2rAhET/kJN8InfKTHT5IFSTw=="
    },
    "@fontsource/red-hat-mono": {
      "version": "5.0.3",
      "resolved": "https://registry.npmjs.org/@fontsource/red-hat-mono/-/red-hat-mono-5.0.3.tgz",
      "integrity": "sha512-D6jyx7bydHdwyw9ZWwa7AGBltzmwLwUQSdSKNLmuW8kOIdgtdVQexNlY3KAoq+b3eYf5v20vK4TXS96UfQHdQg=="
    },
    "@fontsource/red-hat-text": {
      "version": "5.0.3",
      "resolved": "https://registry.npmjs.org/@fontsource/red-hat-text/-/red-hat-text-5.0.3.tgz",
      "integrity": "sha512-HYbE73/s4wt0sSr28N9uo8l0gygnxNuH1HaHEVHWRrosHXW+HMbdh7DdyikLhzAL4qgpl8hIN1Go17MXMcQgdw=="
    },
    "@fontsource/roboto": {
      "version": "5.0.3",
      "resolved": "https://registry.npmjs.org/@fontsource/roboto/-/roboto-5.0.3.tgz",
      "integrity": "sha512-jbZDFwEFARDlo8TqG7th/xjhuq87GYfFpFb+uxuy+0Ng1bhRVgBRWlLj8+WIKhCTOr+h4QXbjpybLWFLUirOwQ=="
    },
    "bootstrap-icons": {
      "version": "1.10.5",
      "resolved": "https://registry.npmjs.org/bootstrap-icons/-/bootstrap-icons-1.10.5.tgz",
      "integrity": "sha512-oSX26F37V7QV7NCE53PPEL45d7EGXmBgHG3pDpZvcRaKVzWMqIRL9wcqJUyEha1esFtM3NJzvmxFXDxjJYD0jQ=="
    }
  }
}
